
Microsoft Visual Studio Solution File, Format Version 12.00
# Visual Studio Version 16
VisualStudioVersion = 16.0.30523.141
MinimumVisualStudioVersion = 10.0.40219.1
Project("{FAE04EC0-301F-11D3-BF4B-00C04F79EFBC}") = "Lucid-Dream-Backend", "Lucid-Dream-Backend\Lucid-Dream-Backend.csproj", "{40A9DD67-B3DA-4131-B56F-9ECB0DEA9E4D}"
EndProject
Project("{FAE04EC0-301F-11D3-BF4B-00C04F79EFBC}") = "SaveStreamHelper", "SaveStreamHelper\SaveStreamHelper.csproj", "{4EC3755B-B4B7-48DD-9DFE-4F4C3F35C13B}"
EndProject
Project("{9A19103F-16F7-4668-BE54-9A1E7A4F7556}") = "SaveStreamHelperUnitTest", "SaveStreamHelperUnitTest\SaveStreamHelperUnitTest.csproj", "{3A5645A0-8DA9-40C0-84FC-E1724BF48F97}"
EndProject
Project("{FAE04EC0-301F-11D3-BF4B-00C04F79EFBC}") = "Controller", "Controller\Controller.csproj", "{115E97EE-48BB-42A6-9F11-D7D1548BA69A}"
EndProject
Project("{FAE04EC0-301F-11D3-BF4B-00C04F79EFBC}") = "GlobalResourses", "GlobalResourses\GlobalResourses.csproj", "{FA571AE4-C20C-4932-A168-EA30C2DA2B8B}"
EndProject
Project("{2150E333-8FDC-42A3-9474-1A3956D46DE8}") = "Unit Tests", "Unit Tests", "{157A3F37-9A7F-41C2-8007-131F55A79ABA}"
EndProject
Project("{2150E333-8FDC-42A3-9474-1A3956D46DE8}") = "Source", "Source", "{955F4B9D-8A9F-4115-A596-E5E0F6B3DD53}"
EndProject
Project("{FAE04EC0-301F-11D3-BF4B-00C04F79EFBC}") = "UDPListener", "UDPListener\UDPListener.csproj", "{C4BAA696-5CD7-4EBA-A143-1C42BEDEF314}"
EndProject
Project("{FAE04EC0-301F-11D3-BF4B-00C04F79EFBC}") = "Consumer", "Consumer\Consumer.csproj", "{53F73DB9-191F-4D41-9AF1-BE2784ADE8BD}"
EndProject
Project("{FAE04EC0-301F-11D3-BF4B-00C04F79EFBC}") = "DBManager", "DBManager\DBManager.csproj", "{4546B72A-B9EE-412E-8C81-1F052C589C8A}"
EndProject
Global
	GlobalSection(SolutionConfigurationPlatforms) = preSolution
		Debug|x64 = Debug|x64
		Debug|x86 = Debug|x86
		Release|x64 = Release|x64
		Release|x86 = Release|x86
	EndGlobalSection
	GlobalSection(ProjectConfigurationPlatforms) = postSolution
		{40A9DD67-B3DA-4131-B56F-9ECB0DEA9E4D}.Debug|x64.ActiveCfg = Debug|x64
		{40A9DD67-B3DA-4131-B56F-9ECB0DEA9E4D}.Debug|x64.Build.0 = Debug|x64
		{40A9DD67-B3DA-4131-B56F-9ECB0DEA9E4D}.Debug|x86.ActiveCfg = Debug|x86
		{40A9DD67-B3DA-4131-B56F-9ECB0DEA9E4D}.Debug|x86.Build.0 = Debug|x86
		{40A9DD67-B3DA-4131-B56F-9ECB0DEA9E4D}.Release|x64.ActiveCfg = Release|x64
		{40A9DD67-B3DA-4131-B56F-9ECB0DEA9E4D}.Release|x64.Build.0 = Release|x64
		{40A9DD67-B3DA-4131-B56F-9ECB0DEA9E4D}.Release|x86.ActiveCfg = Release|x86
		{40A9DD67-B3DA-4131-B56F-9ECB0DEA9E4D}.Release|x86.Build.0 = Release|x86
		{4EC3755B-B4B7-48DD-9DFE-4F4C3F35C13B}.Debug|x64.ActiveCfg = Debug|x64
		{4EC3755B-B4B7-48DD-9DFE-4F4C3F35C13B}.Debug|x64.Build.0 = Debug|x64
		{4EC3755B-B4B7-48DD-9DFE-4F4C3F35C13B}.Debug|x86.ActiveCfg = Debug|x86
		{4EC3755B-B4B7-48DD-9DFE-4F4C3F35C13B}.Debug|x86.Build.0 = Debug|x86
		{4EC3755B-B4B7-48DD-9DFE-4F4C3F35C13B}.Release|x64.ActiveCfg = Release|x64
		{4EC3755B-B4B7-48DD-9DFE-4F4C3F35C13B}.Release|x64.Build.0 = Release|x64
		{4EC3755B-B4B7-48DD-9DFE-4F4C3F35C13B}.Release|x86.ActiveCfg = Release|x86
		{4EC3755B-B4B7-48DD-9DFE-4F4C3F35C13B}.Release|x86.Build.0 = Release|x86
		{3A5645A0-8DA9-40C0-84FC-E1724BF48F97}.Debug|x64.ActiveCfg = Debug|x64
		{3A5645A0-8DA9-40C0-84FC-E1724BF48F97}.Debug|x64.Build.0 = Debug|x64
		{3A5645A0-8DA9-40C0-84FC-E1724BF48F97}.Debug|x86.ActiveCfg = Debug|x86
		{3A5645A0-8DA9-40C0-84FC-E1724BF48F97}.Debug|x86.Build.0 = Debug|x86
		{3A5645A0-8DA9-40C0-84FC-E1724BF48F97}.Release|x64.ActiveCfg = Release|x64
		{3A5645A0-8DA9-40C0-84FC-E1724BF48F97}.Release|x64.Build.0 = Release|x64
		{3A5645A0-8DA9-40C0-84FC-E1724BF48F97}.Release|x86.ActiveCfg = Release|x86
		{3A5645A0-8DA9-40C0-84FC-E1724BF48F97}.Release|x86.Build.0 = Release|x86
		{115E97EE-48BB-42A6-9F11-D7D1548BA69A}.Debug|x64.ActiveCfg = Debug|x64
		{115E97EE-48BB-42A6-9F11-D7D1548BA69A}.Debug|x64.Build.0 = Debug|x64
		{115E97EE-48BB-42A6-9F11-D7D1548BA69A}.Debug|x86.ActiveCfg = Debug|x86
		{115E97EE-48BB-42A6-9F11-D7D1548BA69A}.Debug|x86.Build.0 = Debug|x86
		{115E97EE-48BB-42A6-9F11-D7D1548BA69A}.Release|x64.ActiveCfg = Release|x64
		{115E97EE-48BB-42A6-9F11-D7D1548BA69A}.Release|x64.Build.0 = Release|x64
		{115E97EE-48BB-42A6-9F11-D7D1548BA69A}.Release|x86.ActiveCfg = Release|x86
		{115E97EE-48BB-42A6-9F11-D7D1548BA69A}.Release|x86.Build.0 = Release|x86
		{FA571AE4-C20C-4932-A168-EA30C2DA2B8B}.Debug|x64.ActiveCfg = Debug|x64
		{FA571AE4-C20C-4932-A168-EA30C2DA2B8B}.Debug|x64.Build.0 = Debug|x64
		{FA571AE4-C20C-4932-A168-EA30C2DA2B8B}.Debug|x86.ActiveCfg = Debug|x86
		{FA571AE4-C20C-4932-A168-EA30C2DA2B8B}.Debug|x86.Build.0 = Debug|x86
		{FA571AE4-C20C-4932-A168-EA30C2DA2B8B}.Release|x64.ActiveCfg = Release|x64
		{FA571AE4-C20C-4932-A168-EA30C2DA2B8B}.Release|x64.Build.0 = Release|x64
		{FA571AE4-C20C-4932-A168-EA30C2DA2B8B}.Release|x86.ActiveCfg = Release|x86
		{FA571AE4-C20C-4932-A168-EA30C2DA2B8B}.Release|x86.Build.0 = Release|x86
		{C4BAA696-5CD7-4EBA-A143-1C42BEDEF314}.Debug|x64.ActiveCfg = Debug|x64
		{C4BAA696-5CD7-4EBA-A143-1C42BEDEF314}.Debug|x64.Build.0 = Debug|x64
		{C4BAA696-5CD7-4EBA-A143-1C42BEDEF314}.Debug|x86.ActiveCfg = Debug|x86
		{C4BAA696-5CD7-4EBA-A143-1C42BEDEF314}.Debug|x86.Build.0 = Debug|x86
		{C4BAA696-5CD7-4EBA-A143-1C42BEDEF314}.Release|x64.ActiveCfg = Release|x64
		{C4BAA696-5CD7-4EBA-A143-1C42BEDEF314}.Release|x64.Build.0 = Release|x64
		{C4BAA696-5CD7-4EBA-A143-1C42BEDEF314}.Release|x86.ActiveCfg = Release|x86
		{C4BAA696-5CD7-4EBA-A143-1C42BEDEF314}.Release|x86.Build.0 = Release|x86
		{53F73DB9-191F-4D41-9AF1-BE2784ADE8BD}.Debug|x64.ActiveCfg = Debug|x64
		{53F73DB9-191F-4D41-9AF1-BE2784ADE8BD}.Debug|x64.Build.0 = Debug|x64
		{53F73DB9-191F-4D41-9AF1-BE2784ADE8BD}.Debug|x86.ActiveCfg = Debug|x86
		{53F73DB9-191F-4D41-9AF1-BE2784ADE8BD}.Debug|x86.Build.0 = Debug|x86
		{53F73DB9-191F-4D41-9AF1-BE2784ADE8BD}.Release|x64.ActiveCfg = Release|x64
		{53F73DB9-191F-4D41-9AF1-BE2784ADE8BD}.Release|x64.Build.0 = Release|x64
		{53F73DB9-191F-4D41-9AF1-BE2784ADE8BD}.Release|x86.ActiveCfg = Release|x86
		{53F73DB9-191F-4D41-9AF1-BE2784ADE8BD}.Release|x86.Build.0 = Release|x86
		{4546B72A-B9EE-412E-8C81-1F052C589C8A}.Debug|x64.ActiveCfg = Debug|x64
		{4546B72A-B9EE-412E-8C81-1F052C589C8A}.Debug|x64.Build.0 = Debug|x64
		{4546B72A-B9EE-412E-8C81-1F052C589C8A}.Debug|x86.ActiveCfg = Debug|x86
		{4546B72A-B9EE-412E-8C81-1F052C589C8A}.Debug|x86.Build.0 = Debug|x86
		{4546B72A-B9EE-412E-8C81-1F052C589C8A}.Release|x64.ActiveCfg = Release|x64
		{4546B72A-B9EE-412E-8C81-1F052C589C8A}.Release|x64.Build.0 = Release|x64
		{4546B72A-B9EE-412E-8C81-1F052C589C8A}.Release|x86.ActiveCfg = Release|x86
		{4546B72A-B9EE-412E-8C81-1F052C589C8A}.Release|x86.Build.0 = Release|x86
	EndGlobalSection
	GlobalSection(SolutionProperties) = preSolution
		HideSolutionNode = FALSE
	EndGlobalSection
	GlobalSection(NestedProjects) = preSolution
		{40A9DD67-B3DA-4131-B56F-9ECB0DEA9E4D} = {955F4B9D-8A9F-4115-A596-E5E0F6B3DD53}
		{4EC3755B-B4B7-48DD-9DFE-4F4C3F35C13B} = {955F4B9D-8A9F-4115-A596-E5E0F6B3DD53}
		{3A5645A0-8DA9-40C0-84FC-E1724BF48F97} = {157A3F37-9A7F-41C2-8007-131F55A79ABA}
		{115E97EE-48BB-42A6-9F11-D7D1548BA69A} = {955F4B9D-8A9F-4115-A596-E5E0F6B3DD53}
		{FA571AE4-C20C-4932-A168-EA30C2DA2B8B} = {955F4B9D-8A9F-4115-A596-E5E0F6B3DD53}
		{C4BAA696-5CD7-4EBA-A143-1C42BEDEF314} = {955F4B9D-8A9F-4115-A596-E5E0F6B3DD53}
		{53F73DB9-191F-4D41-9AF1-BE2784ADE8BD} = {955F4B9D-8A9F-4115-A596-E5E0F6B3DD53}
		{4546B72A-B9EE-412E-8C81-1F052C589C8A} = {955F4B9D-8A9F-4115-A596-E5E0F6B3DD53}
	EndGlobalSection
	GlobalSection(ExtensibilityGlobals) = postSolution
		SolutionGuid = {53D324DF-671F-4488-855A-C7E6700D5D01}
	EndGlobalSection
EndGlobal
